
Microsoft Visual Studio Solution File, Format Version 12.00
Project("{FAE04EC0-301F-11D3-BF4B-00C04F79EFBC}") = "dotNETLemmy.API", "dotNETLemmy.API\dotNETLemmy.API.csproj", "{38DB375F-3359-44B0-9649-E05AF3E4CC9F}"
EndProject
Project("{FAE04EC0-301F-11D3-BF4B-00C04F79EFBC}") = "dotNETLemmy.Tests", "dotNETLemmy.Tests\dotNETLemmy.Tests.csproj", "{5397D509-F3EE-42C4-BEDA-B4A46E16BF2A}"
EndProject
Project("{FAE04EC0-301F-11D3-BF4B-00C04F79EFBC}") = "dotNETLemmy.Docs", "dotNETLemmy.Docs\dotNETLemmy.Docs.csproj", "{20DFDBC5-D4C5-4067-A144-C83CB1F9AAAC}"
EndProject
Global
	GlobalSection(SolutionConfigurationPlatforms) = preSolution
		Debug|Any CPU = Debug|Any CPU
		Release|Any CPU = Release|Any CPU
	EndGlobalSection
	GlobalSection(ProjectConfigurationPlatforms) = postSolution
		{38DB375F-3359-44B0-9649-E05AF3E4CC9F}.Debug|Any CPU.ActiveCfg = Debug|Any CPU
		{38DB375F-3359-44B0-9649-E05AF3E4CC9F}.Debug|Any CPU.Build.0 = Debug|Any CPU
		{38DB375F-3359-44B0-9649-E05AF3E4CC9F}.Release|Any CPU.ActiveCfg = Release|Any CPU
		{38DB375F-3359-44B0-9649-E05AF3E4CC9F}.Release|Any CPU.Build.0 = Release|Any CPU
		{5397D509-F3EE-42C4-BEDA-B4A46E16BF2A}.Debug|Any CPU.ActiveCfg = Debug|Any CPU
		{5397D509-F3EE-42C4-BEDA-B4A46E16BF2A}.Debug|Any CPU.Build.0 = Debug|Any CPU
		{5397D509-F3EE-42C4-BEDA-B4A46E16BF2A}.Release|Any CPU.ActiveCfg = Release|Any CPU
		{5397D509-F3EE-42C4-BEDA-B4A46E16BF2A}.Release|Any CPU.Build.0 = Release|Any CPU
		{20DFDBC5-D4C5-4067-A144-C83CB1F9AAAC}.Debug|Any CPU.ActiveCfg = Debug|Any CPU
		{20DFDBC5-D4C5-4067-A144-C83CB1F9AAAC}.Debug|Any CPU.Build.0 = Debug|Any CPU
		{20DFDBC5-D4C5-4067-A144-C83CB1F9AAAC}.Release|Any CPU.ActiveCfg = Release|Any CPU
		{20DFDBC5-D4C5-4067-A144-C83CB1F9AAAC}.Release|Any CPU.Build.0 = Release|Any CPU
	EndGlobalSection
EndGlobal
